
Microsoft Visual Studio Solution File, Format Version 12.00
# Visual Studio Version 16
VisualStudioVersion = 16.0.29613.14
MinimumVisualStudioVersion = 10.0.40219.1
Project("{FAE04EC0-301F-11D3-BF4B-00C04F79EFBC}") = "ChartSample.UWP", "ChartSample.UWP\ChartSample.UWP.csproj", "{4A25E120-FA41-489E-B924-498A1BABF83B}"
EndProject
Project("{FAE04EC0-301F-11D3-BF4B-00C04F79EFBC}") = "ChartSample.Android", "ChartSample.Android\ChartSample.Android.csproj", "{36CC794E-31D4-400A-9387-C9637794B5F1}"
EndProject
Project("{FAE04EC0-301F-11D3-BF4B-00C04F79EFBC}") = "ChartSample.iOS", "ChartSample.iOS\ChartSample.iOS.csproj", "{7E28F490-190B-44A8-A73B-856BC648EFBC}"
EndProject
Project("{FAE04EC0-301F-11D3-BF4B-00C04F79EFBC}") = "ChartSample", "ChartSample\ChartSample.csproj", "{20A86C5F-28AF-4D98-953A-E7B2B4A86361}"
EndProject
Global
	GlobalSection(SolutionConfigurationPlatforms) = preSolution
		Debug|Any CPU = Debug|Any CPU
		Debug|ARM = Debug|ARM
		Debug|iPhone = Debug|iPhone
		Debug|iPhoneSimulator = Debug|iPhoneSimulator
		Debug|x64 = Debug|x64
		Debug|x86 = Debug|x86
		Release|Any CPU = Release|Any CPU
		Release|ARM = Release|ARM
		Release|iPhone = Release|iPhone
		Release|iPhoneSimulator = Release|iPhoneSimulator
		Release|x64 = Release|x64
		Release|x86 = Release|x86
	EndGlobalSection
	GlobalSection(ProjectConfigurationPlatforms) = postSolution
		{4A25E120-FA41-489E-B924-498A1BABF83B}.Debug|Any CPU.ActiveCfg = Debug|x86
		{4A25E120-FA41-489E-B924-498A1BABF83B}.Debug|Any CPU.Build.0 = Debug|x86
		{4A25E120-FA41-489E-B924-498A1BABF83B}.Debug|Any CPU.Deploy.0 = Debug|x86
		{4A25E120-FA41-489E-B924-498A1BABF83B}.Debug|ARM.ActiveCfg = Debug|ARM
		{4A25E120-FA41-489E-B924-498A1BABF83B}.Debug|ARM.Build.0 = Debug|ARM
		{4A25E120-FA41-489E-B924-498A1BABF83B}.Debug|ARM.Deploy.0 = Debug|ARM
		{4A25E120-FA41-489E-B924-498A1BABF83B}.Debug|iPhone.ActiveCfg = Debug|x86
		{4A25E120-FA41-489E-B924-498A1BABF83B}.Debug|iPhone.Build.0 = Debug|x86
		{4A25E120-FA41-489E-B924-498A1BABF83B}.Debug|iPhone.Deploy.0 = Debug|x86
		{4A25E120-FA41-489E-B924-498A1BABF83B}.Debug|iPhoneSimulator.ActiveCfg = Debug|x86
		{4A25E120-FA41-489E-B924-498A1BABF83B}.Debug|iPhoneSimulator.Build.0 = Debug|x86
		{4A25E120-FA41-489E-B924-498A1BABF83B}.Debug|iPhoneSimulator.Deploy.0 = Debug|x86
		{4A25E120-FA41-489E-B924-498A1BABF83B}.Debug|x64.ActiveCfg = Debug|x64
		{4A25E120-FA41-489E-B924-498A1BABF83B}.Debug|x64.Build.0 = Debug|x64
		{4A25E120-FA41-489E-B924-498A1BABF83B}.Debug|x64.Deploy.0 = Debug|x64
		{4A25E120-FA41-489E-B924-498A1BABF83B}.Debug|x86.ActiveCfg = Debug|x86
		{4A25E120-FA41-489E-B924-498A1BABF83B}.Debug|x86.Build.0 = Debug|x86
		{4A25E120-FA41-489E-B924-498A1BABF83B}.Debug|x86.Deploy.0 = Debug|x86
		{4A25E120-FA41-489E-B924-498A1BABF83B}.Release|Any CPU.ActiveCfg = Release|x86
		{4A25E120-FA41-489E-B924-498A1BABF83B}.Release|Any CPU.Build.0 = Release|x86
		{4A25E120-FA41-489E-B924-498A1BABF83B}.Release|Any CPU.Deploy.0 = Release|x86
		{4A25E120-FA41-489E-B924-498A1BABF83B}.Release|ARM.ActiveCfg = Release|ARM
		{4A25E120-FA41-489E-B924-498A1BABF83B}.Release|ARM.Build.0 = Release|ARM
		{4A25E120-FA41-489E-B924-498A1BABF83B}.Release|ARM.Deploy.0 = Release|ARM
		{4A25E120-FA41-489E-B924-498A1BABF83B}.Release|iPhone.ActiveCfg = Release|x86
		{4A25E120-FA41-489E-B924-498A1BABF83B}.Release|iPhone.Build.0 = Release|x86
		{4A25E120-FA41-489E-B924-498A1BABF83B}.Release|iPhone.Deploy.0 = Release|x86
		{4A25E120-FA41-489E-B924-498A1BABF83B}.Release|iPhoneSimulator.ActiveCfg = Release|x86
		{4A25E120-FA41-489E-B924-498A1BABF83B}.Release|iPhoneSimulator.Build.0 = Release|x86
		{4A25E120-FA41-489E-B924-498A1BABF83B}.Release|iPhoneSimulator.Deploy.0 = Release|x86
		{4A25E120-FA41-489E-B924-498A1BABF83B}.Release|x64.ActiveCfg = Release|x64
		{4A25E120-FA41-489E-B924-498A1BABF83B}.Release|x64.Build.0 = Release|x64
		{4A25E120-FA41-489E-B924-498A1BABF83B}.Release|x64.Deploy.0 = Release|x64
		{4A25E120-FA41-489E-B924-498A1BABF83B}.Release|x86.ActiveCfg = Release|x86
		{4A25E120-FA41-489E-B924-498A1BABF83B}.Release|x86.Build.0 = Release|x86
		{4A25E120-FA41-489E-B924-498A1BABF83B}.Release|x86.Deploy.0 = Release|x86
		{36CC794E-31D4-400A-9387-C9637794B5F1}.Debug|Any CPU.ActiveCfg = Debug|Any CPU
		{36CC794E-31D4-400A-9387-C9637794B5F1}.Debug|Any CPU.Build.0 = Debug|Any CPU
		{36CC794E-31D4-400A-9387-C9637794B5F1}.Debug|Any CPU.Deploy.0 = Debug|Any CPU
		{36CC794E-31D4-400A-9387-C9637794B5F1}.Debug|ARM.ActiveCfg = Debug|Any CPU
		{36CC794E-31D4-400A-9387-C9637794B5F1}.Debug|ARM.Build.0 = Debug|Any CPU
		{36CC794E-31D4-400A-9387-C9637794B5F1}.Debug|ARM.Deploy.0 = Debug|Any CPU
		{36CC794E-31D4-400A-9387-C9637794B5F1}.Debug|iPhone.ActiveCfg = Debug|Any CPU
		{36CC794E-31D4-400A-9387-C9637794B5F1}.Debug|iPhone.Build.0 = Debug|Any CPU
		{36CC794E-31D4-400A-9387-C9637794B5F1}.Debug|iPhone.Deploy.0 = Debug|Any CPU
		{36CC794E-31D4-400A-9387-C9637794B5F1}.Debug|iPhoneSimulator.ActiveCfg = Debug|Any CPU
		{36CC794E-31D4-400A-9387-C9637794B5F1}.Debug|iPhoneSimulator.Build.0 = Debug|Any CPU
		{36CC794E-31D4-400A-9387-C9637794B5F1}.Debug|iPhoneSimulator.Deploy.0 = Debug|Any CPU
		{36CC794E-31D4-400A-9387-C9637794B5F1}.Debug|x64.ActiveCfg = Debug|Any CPU
		{36CC794E-31D4-400A-9387-C9637794B5F1}.Debug|x64.Build.0 = Debug|Any CPU
		{36CC794E-31D4-400A-9387-C9637794B5F1}.Debug|x64.Deploy.0 = Debug|Any CPU
		{36CC794E-31D4-400A-9387-C9637794B5F1}.Debug|x86.ActiveCfg = Debug|Any CPU
		{36CC794E-31D4-400A-9387-C9637794B5F1}.Debug|x86.Build.0 = Debug|Any CPU
		{36CC794E-31D4-400A-9387-C9637794B5F1}.Debug|x86.Deploy.0 = Debug|Any CPU
		{36CC794E-31D4-400A-9387-C9637794B5F1}.Release|Any CPU.ActiveCfg = Release|Any CPU
		{36CC794E-31D4-400A-9387-C9637794B5F1}.Release|Any CPU.Build.0 = Release|Any CPU
		{36CC794E-31D4-400A-9387-C9637794B5F1}.Release|Any CPU.Deploy.0 = Release|Any CPU
		{36CC794E-31D4-400A-9387-C9637794B5F1}.Release|ARM.ActiveCfg = Release|Any CPU
		{36CC794E-31D4-400A-9387-C9637794B5F1}.Release|ARM.Build.0 = Release|Any CPU
		{36CC794E-31D4-400A-9387-C9637794B5F1}.Release|ARM.Deploy.0 = Release|Any CPU
		{36CC794E-31D4-400A-9387-C9637794B5F1}.Release|iPhone.ActiveCfg = Release|Any CPU
		{36CC794E-31D4-400A-9387-C9637794B5F1}.Release|iPhone.Build.0 = Release|Any CPU
		{36CC794E-31D4-400A-9387-C9637794B5F1}.Release|iPhone.Deploy.0 = Release|Any CPU
		{36CC794E-31D4-400A-9387-C9637794B5F1}.Release|iPhoneSimulator.ActiveCfg = Release|Any CPU
		{36CC794E-31D4-400A-9387-C9637794B5F1}.Release|iPhoneSimulator.Build.0 = Release|Any CPU
		{36CC794E-31D4-400A-9387-C9637794B5F1}.Release|iPhoneSimulator.Deploy.0 = Release|Any CPU
		{36CC794E-31D4-400A-9387-C9637794B5F1}.Release|x64.ActiveCfg = Release|Any CPU
		{36CC794E-31D4-400A-9387-C9637794B5F1}.Release|x64.Build.0 = Release|Any CPU
		{36CC794E-31D4-400A-9387-C9637794B5F1}.Release|x64.Deploy.0 = Release|Any CPU
		{36CC794E-31D4-400A-9387-C9637794B5F1}.Release|x86.ActiveCfg = Release|Any CPU
		{36CC794E-31D4-400A-9387-C9637794B5F1}.Release|x86.Build.0 = Release|Any CPU
		{36CC794E-31D4-400A-9387-C9637794B5F1}.Release|x86.Deploy.0 = Release|Any CPU
		{7E28F490-190B-44A8-A73B-856BC648EFBC}.Debug|Any CPU.ActiveCfg = Debug|iPhone
		{7E28F490-190B-44A8-A73B-856BC648EFBC}.Debug|Any CPU.Build.0 = Debug|iPhone
		{7E28F490-190B-44A8-A73B-856BC648EFBC}.Debug|Any CPU.Deploy.0 = Debug|iPhone
		{7E28F490-190B-44A8-A73B-856BC648EFBC}.Debug|ARM.ActiveCfg = Debug|iPhoneSimulator
		{7E28F490-190B-44A8-A73B-856BC648EFBC}.Debug|ARM.Build.0 = Debug|iPhoneSimulator
		{7E28F490-190B-44A8-A73B-856BC648EFBC}.Debug|ARM.Deploy.0 = Debug|iPhoneSimulator
		{7E28F490-190B-44A8-A73B-856BC648EFBC}.Debug|iPhone.ActiveCfg = Debug|iPhone
		{7E28F490-190B-44A8-A73B-856BC648EFBC}.Debug|iPhone.Build.0 = Debug|iPhone
		{7E28F490-190B-44A8-A73B-856BC648EFBC}.Debug|iPhone.Deploy.0 = Debug|iPhone
		{7E28F490-190B-44A8-A73B-856BC648EFBC}.Debug|iPhoneSimulator.ActiveCfg = Debug|iPhoneSimulator
		{7E28F490-190B-44A8-A73B-856BC648EFBC}.Debug|iPhoneSimulator.Build.0 = Debug|iPhoneSimulator
		{7E28F490-190B-44A8-A73B-856BC648EFBC}.Debug|iPhoneSimulator.Deploy.0 = Debug|iPhoneSimulator
		{7E28F490-190B-44A8-A73B-856BC648EFBC}.Debug|x64.ActiveCfg = Debug|iPhone
		{7E28F490-190B-44A8-A73B-856BC648EFBC}.Debug|x64.Build.0 = Debug|iPhone
		{7E28F490-190B-44A8-A73B-856BC648EFBC}.Debug|x64.Deploy.0 = Debug|iPhone
		{7E28F490-190B-44A8-A73B-856BC648EFBC}.Debug|x86.ActiveCfg = Debug|iPhone
		{7E28F490-190B-44A8-A73B-856BC648EFBC}.Debug|x86.Build.0 = Debug|iPhone
		{7E28F490-190B-44A8-A73B-856BC648EFBC}.Debug|x86.Deploy.0 = Debug|iPhone
		{7E28F490-190B-44A8-A73B-856BC648EFBC}.Release|Any CPU.ActiveCfg = Release|iPhone
		{7E28F490-190B-44A8-A73B-856BC648EFBC}.Release|Any CPU.Build.0 = Release|iPhone
		{7E28F490-190B-44A8-A73B-856BC648EFBC}.Release|Any CPU.Deploy.0 = Release|iPhone
		{7E28F490-190B-44A8-A73B-856BC648EFBC}.Release|ARM.ActiveCfg = Release|iPhone
		{7E28F490-190B-44A8-A73B-856BC648EFBC}.Release|ARM.Build.0 = Release|iPhone
		{7E28F490-190B-44A8-A73B-856BC648EFBC}.Release|ARM.Deploy.0 = Release|iPhone
		{7E28F490-190B-44A8-A73B-856BC648EFBC}.Release|iPhone.ActiveCfg = Release|iPhone
		{7E28F490-190B-44A8-A73B-856BC648EFBC}.Release|iPhone.Build.0 = Release|iPhone
		{7E28F490-190B-44A8-A73B-856BC648EFBC}.Release|iPhone.Deploy.0 = Release|iPhone
		{7E28F490-190B-44A8-A73B-856BC648EFBC}.Release|iPhoneSimulator.ActiveCfg = Release|iPhoneSimulator
		{7E28F490-190B-44A8-A73B-856BC648EFBC}.Release|iPhoneSimulator.Build.0 = Release|iPhoneSimulator
		{7E28F490-190B-44A8-A73B-856BC648EFBC}.Release|iPhoneSimulator.Deploy.0 = Release|iPhoneSimulator
		{7E28F490-190B-44A8-A73B-856BC648EFBC}.Release|x64.ActiveCfg = Release|iPhone
		{7E28F490-190B-44A8-A73B-856BC648EFBC}.Release|x64.Build.0 = Release|iPhone
		{7E28F490-190B-44A8-A73B-856BC648EFBC}.Release|x64.Deploy.0 = Release|iPhone
		{7E28F490-190B-44A8-A73B-856BC648EFBC}.Release|x86.ActiveCfg = Release|iPhone
		{7E28F490-190B-44A8-A73B-856BC648EFBC}.Release|x86.Build.0 = Release|iPhone
		{7E28F490-190B-44A8-A73B-856BC648EFBC}.Release|x86.Deploy.0 = Release|iPhone
		{20A86C5F-28AF-4D98-953A-E7B2B4A86361}.Debug|Any CPU.ActiveCfg = Debug|Any CPU
		{20A86C5F-28AF-4D98-953A-E7B2B4A86361}.Debug|Any CPU.Build.0 = Debug|Any CPU
		{20A86C5F-28AF-4D98-953A-E7B2B4A86361}.Debug|Any CPU.Deploy.0 = Debug|Any CPU
		{20A86C5F-28AF-4D98-953A-E7B2B4A86361}.Debug|ARM.ActiveCfg = Debug|Any CPU
		{20A86C5F-28AF-4D98-953A-E7B2B4A86361}.Debug|ARM.Build.0 = Debug|Any CPU
		{20A86C5F-28AF-4D98-953A-E7B2B4A86361}.Debug|ARM.Deploy.0 = Debug|Any CPU
		{20A86C5F-28AF-4D98-953A-E7B2B4A86361}.Debug|iPhone.ActiveCfg = Debug|Any CPU
		{20A86C5F-28AF-4D98-953A-E7B2B4A86361}.Debug|iPhone.Build.0 = Debug|Any CPU
		{20A86C5F-28AF-4D98-953A-E7B2B4A86361}.Debug|iPhone.Deploy.0 = Debug|Any CPU
		{20A86C5F-28AF-4D98-953A-E7B2B4A86361}.Debug|iPhoneSimulator.ActiveCfg = Debug|Any CPU
		{20A86C5F-28AF-4D98-953A-E7B2B4A86361}.Debug|iPhoneSimulator.Build.0 = Debug|Any CPU
		{20A86C5F-28AF-4D98-953A-E7B2B4A86361}.Debug|iPhoneSimulator.Deploy.0 = Debug|Any CPU
		{20A86C5F-28AF-4D98-953A-E7B2B4A86361}.Debug|x64.ActiveCfg = Debug|Any CPU
		{20A86C5F-28AF-4D98-953A-E7B2B4A86361}.Debug|x64.Build.0 = Debug|Any CPU
		{20A86C5F-28AF-4D98-953A-E7B2B4A86361}.Debug|x64.Deploy.0 = Debug|Any CPU
		{20A86C5F-28AF-4D98-953A-E7B2B4A86361}.Debug|x86.ActiveCfg = Debug|Any CPU
		{20A86C5F-28AF-4D98-953A-E7B2B4A86361}.Debug|x86.Build.0 = Debug|Any CPU
		{20A86C5F-28AF-4D98-953A-E7B2B4A86361}.Debug|x86.Deploy.0 = Debug|Any CPU
		{20A86C5F-28AF-4D98-953A-E7B2B4A86361}.Release|Any CPU.ActiveCfg = Release|Any CPU
		{20A86C5F-28AF-4D98-953A-E7B2B4A86361}.Release|Any CPU.Build.0 = Release|Any CPU
		{20A86C5F-28AF-4D98-953A-E7B2B4A86361}.Release|Any CPU.Deploy.0 = Release|Any CPU
		{20A86C5F-28AF-4D98-953A-E7B2B4A86361}.Release|ARM.ActiveCfg = Release|Any CPU
		{20A86C5F-28AF-4D98-953A-E7B2B4A86361}.Release|ARM.Build.0 = Release|Any CPU
		{20A86C5F-28AF-4D98-953A-E7B2B4A86361}.Release|ARM.Deploy.0 = Release|Any CPU
		{20A86C5F-28AF-4D98-953A-E7B2B4A86361}.Release|iPhone.ActiveCfg = Release|Any CPU
		{20A86C5F-28AF-4D98-953A-E7B2B4A86361}.Release|iPhone.Build.0 = Release|Any CPU
		{20A86C5F-28AF-4D98-953A-E7B2B4A86361}.Release|iPhone.Deploy.0 = Release|Any CPU
		{20A86C5F-28AF-4D98-953A-E7B2B4A86361}.Release|iPhoneSimulator.ActiveCfg = Release|Any CPU
		{20A86C5F-28AF-4D98-953A-E7B2B4A86361}.Release|iPhoneSimulator.Build.0 = Release|Any CPU
		{20A86C5F-28AF-4D98-953A-E7B2B4A86361}.Release|iPhoneSimulator.Deploy.0 = Release|Any CPU
		{20A86C5F-28AF-4D98-953A-E7B2B4A86361}.Release|x64.ActiveCfg = Release|Any CPU
		{20A86C5F-28AF-4D98-953A-E7B2B4A86361}.Release|x64.Build.0 = Release|Any CPU
		{20A86C5F-28AF-4D98-953A-E7B2B4A86361}.Release|x64.Deploy.0 = Release|Any CPU
		{20A86C5F-28AF-4D98-953A-E7B2B4A86361}.Release|x86.ActiveCfg = Release|Any CPU
		{20A86C5F-28AF-4D98-953A-E7B2B4A86361}.Release|x86.Build.0 = Release|Any CPU
		{20A86C5F-28AF-4D98-953A-E7B2B4A86361}.Release|x86.Deploy.0 = Release|Any CPU
	EndGlobalSection
	GlobalSection(SolutionProperties) = preSolution
		HideSolutionNode = FALSE
	EndGlobalSection
	GlobalSection(ExtensibilityGlobals) = postSolution
		SolutionGuid = {49942C4E-C02D-4BDE-ACF6-9A66A163C695}
	EndGlobalSection
EndGlobal
